<Solution>
  <Project Path="src/SleepyPawn.Cli/SleepyPawn.Cli.csproj" />
  <Project Path="src/SleepyPawn.Core/SleepyPawn.Core.csproj" />
  <Project Path="src/SleepyPawn.Uci/SleepyPawn.Uci.csproj" />
  <Project Path="src/SleepyPawn.Wasm/SleepyPawn.Wasm.csproj" />
  <Project Path="tests/SleepyPawn.Tests/SleepyPawn.Tests.csproj" Id="51b44002-60f9-4b4d-b944-a732ba8a82d4" />
</Solution>
